{
  "version": 4,
  "terraform_version": "1.13.4",
  "serial": 26,
  "lineage": "eef62604-1aa9-af33-f0a1-a884bea08517",
  "outputs": {
    "ecr_repository_url": {
      "value": "526703406914.dkr.ecr.ap-southeast-1.amazonaws.com/app-repo",
      "type": "string"
    },
    "service_url": {
      "value": "hvh43cmdwk.ap-southeast-1.awsapprunner.com",
      "type": "string"
    }
  },
  "resources": [
    {
      "mode": "data",
      "type": "aws_iam_policy_document",
      "name": "apprunner_ecr_access_trust",
      "provider": "provider[\"registry.terraform.io/hashicorp/aws\"]",
      "instances": [
        {
          "schema_version": 0,
          "attributes": {
            "id": "3710474894",
            "json": "{\n  \"Version\": \"2012-10-17\",\n  \"Statement\": [\n    {\n      \"Effect\": \"Allow\",\n      \"Action\": \"sts:AssumeRole\",\n      \"Principal\": {\n        \"Service\": \"build.apprunner.amazonaws.com\"\n      }\n    }\n  ]\n}",
            "minified_json": "{\"Version\":\"2012-10-17\",\"Statement\":[{\"Effect\":\"Allow\",\"Action\":\"sts:AssumeRole\",\"Principal\":{\"Service\":\"build.apprunner.amazonaws.com\"}}]}",
            "override_json": null,
            "override_policy_documents": null,
            "policy_id": null,
            "source_json": null,
            "source_policy_documents": null,
            "statement": [
              {
                "actions": [
                  "sts:AssumeRole"
                ],
                "condition": [],
                "effect": "Allow",
                "not_actions": [],
                "not_principals": [],
                "not_resources": [],
                "principals": [
                  {
                    "identifiers": [
                      "build.apprunner.amazonaws.com"
                    ],
                    "type": "Service"
                  }
                ],
                "resources": [],
                "sid": ""
              }
            ],
            "version": "2012-10-17"
          },
          "sensitive_attributes": [],
          "identity_schema_version": 0
        }
      ]
    },
    {
      "mode": "data",
      "type": "aws_iam_policy_document",
      "name": "apprunner_instance_trust",
      "provider": "provider[\"registry.terraform.io/hashicorp/aws\"]",
      "instances": [
        {
          "schema_version": 0,
          "attributes": {
            "id": "1159917608",
            "json": "{\n  \"Version\": \"2012-10-17\",\n  \"Statement\": [\n    {\n      \"Effect\": \"Allow\",\n      \"Action\": \"sts:AssumeRole\",\n      \"Principal\": {\n        \"Service\": \"tasks.apprunner.amazonaws.com\"\n      }\n    }\n  ]\n}",
            "minified_json": "{\"Version\":\"2012-10-17\",\"Statement\":[{\"Effect\":\"Allow\",\"Action\":\"sts:AssumeRole\",\"Principal\":{\"Service\":\"tasks.apprunner.amazonaws.com\"}}]}",
            "override_json": null,
            "override_policy_documents": null,
            "policy_id": null,
            "source_json": null,
            "source_policy_documents": null,
            "statement": [
              {
                "actions": [
                  "sts:AssumeRole"
                ],
                "condition": [],
                "effect": "Allow",
                "not_actions": [],
                "not_principals": [],
                "not_resources": [],
                "principals": [
                  {
                    "identifiers": [
                      "tasks.apprunner.amazonaws.com"
                    ],
                    "type": "Service"
                  }
                ],
                "resources": [],
                "sid": ""
              }
            ],
            "version": "2012-10-17"
          },
          "sensitive_attributes": [],
          "identity_schema_version": 0
        }
      ]
    },
    {
      "mode": "data",
      "type": "aws_iam_policy_document",
      "name": "gh_assume_role",
      "provider": "provider[\"registry.terraform.io/hashicorp/aws\"]",
      "instances": [
        {
          "schema_version": 0,
          "attributes": {
            "id": "3799044556",
            "json": "{\n  \"Version\": \"2012-10-17\",\n  \"Statement\": [\n    {\n      \"Effect\": \"Allow\",\n      \"Action\": \"sts:AssumeRoleWithWebIdentity\",\n      \"Principal\": {\n        \"Federated\": \"arn:aws:iam::526703406914:oidc-provider/token.actions.githubusercontent.com\"\n      },\n      \"Condition\": {\n        \"StringEquals\": {\n          \"token.actions.githubusercontent.com:aud\": \"sts.amazonaws.com\"\n        },\n        \"StringLike\": {\n          \"token.actions.githubusercontent.com:sub\": \"repo:theerawatzuz/Terraform_AWS_App_Runner-:ref:refs/heads/main\"\n        }\n      }\n    }\n  ]\n}",
            "minified_json": "{\"Version\":\"2012-10-17\",\"Statement\":[{\"Effect\":\"Allow\",\"Action\":\"sts:AssumeRoleWithWebIdentity\",\"Principal\":{\"Federated\":\"arn:aws:iam::526703406914:oidc-provider/token.actions.githubusercontent.com\"},\"Condition\":{\"StringEquals\":{\"token.actions.githubusercontent.com:aud\":\"sts.amazonaws.com\"},\"StringLike\":{\"token.actions.githubusercontent.com:sub\":\"repo:theerawatzuz/Terraform_AWS_App_Runner-:ref:refs/heads/main\"}}}]}",
            "override_json": null,
            "override_policy_documents": null,
            "policy_id": null,
            "source_json": null,
            "source_policy_documents": null,
            "statement": [
              {
                "actions": [
                  "sts:AssumeRoleWithWebIdentity"
                ],
                "condition": [
                  {
                    "test": "StringEquals",
                    "values": [
                      "sts.amazonaws.com"
                    ],
                    "variable": "token.actions.githubusercontent.com:aud"
                  },
                  {
                    "test": "StringLike",
                    "values": [
                      "repo:theerawatzuz/Terraform_AWS_App_Runner-:ref:refs/heads/main"
                    ],
                    "variable": "token.actions.githubusercontent.com:sub"
                  }
                ],
                "effect": "Allow",
                "not_actions": [],
                "not_principals": [],
                "not_resources": [],
                "principals": [
                  {
                    "identifiers": [
                      "arn:aws:iam::526703406914:oidc-provider/token.actions.githubusercontent.com"
                    ],
                    "type": "Federated"
                  }
                ],
                "resources": [],
                "sid": ""
              }
            ],
            "version": "2012-10-17"
          },
          "sensitive_attributes": [],
          "identity_schema_version": 0
        }
      ]
    },
    {
      "mode": "managed",
      "type": "aws_apprunner_auto_scaling_configuration_version",
      "name": "auto_config",
      "provider": "provider[\"registry.terraform.io/hashicorp/aws\"]",
      "instances": [
        {
          "schema_version": 0,
          "attributes": {
            "arn": "arn:aws:apprunner:ap-southeast-1:526703406914:autoscalingconfiguration/app-runner-demo-autoscale/1/3d08f1a1ebc14c6bab80654ce101ce9c",
            "auto_scaling_configuration_name": "app-runner-demo-autoscale",
            "auto_scaling_configuration_revision": 1,
            "has_associated_service": true,
            "id": "arn:aws:apprunner:ap-southeast-1:526703406914:autoscalingconfiguration/app-runner-demo-autoscale/1/3d08f1a1ebc14c6bab80654ce101ce9c",
            "is_default": false,
            "latest": true,
            "max_concurrency": 100,
            "max_size": 5,
            "min_size": 1,
            "status": "active",
            "tags": {},
            "tags_all": {}
          },
          "sensitive_attributes": [],
          "identity_schema_version": 0,
          "private": "bnVsbA=="
        }
      ]
    },
    {
      "mode": "managed",
      "type": "aws_apprunner_service",
      "name": "app_service",
      "provider": "provider[\"registry.terraform.io/hashicorp/aws\"]",
      "instances": [
        {
          "schema_version": 0,
          "attributes": {
            "arn": "arn:aws:apprunner:ap-southeast-1:526703406914:service/app-runner-demo-svc/91b8a3ab9c994be2a04e6c8f4bf31e10",
            "auto_scaling_configuration_arn": "arn:aws:apprunner:ap-southeast-1:526703406914:autoscalingconfiguration/app-runner-demo-autoscale/1/3d08f1a1ebc14c6bab80654ce101ce9c",
            "encryption_configuration": [],
            "health_check_configuration": [
              {
                "healthy_threshold": 1,
                "interval": 5,
                "path": "/",
                "protocol": "HTTP",
                "timeout": 2,
                "unhealthy_threshold": 5
              }
            ],
            "id": "arn:aws:apprunner:ap-southeast-1:526703406914:service/app-runner-demo-svc/91b8a3ab9c994be2a04e6c8f4bf31e10",
            "instance_configuration": [
              {
                "cpu": "1024",
                "instance_role_arn": "",
                "memory": "2048"
              }
            ],
            "network_configuration": [
              {
                "egress_configuration": [
                  {
                    "egress_type": "DEFAULT",
                    "vpc_connector_arn": ""
                  }
                ],
                "ingress_configuration": [
                  {
                    "is_publicly_accessible": true
                  }
                ],
                "ip_address_type": "IPV4"
              }
            ],
            "observability_configuration": [],
            "service_id": "91b8a3ab9c994be2a04e6c8f4bf31e10",
            "service_name": "app-runner-demo-svc",
            "service_url": "hvh43cmdwk.ap-southeast-1.awsapprunner.com",
            "source_configuration": [
              {
                "authentication_configuration": [
                  {
                    "access_role_arn": "arn:aws:iam::526703406914:role/app-runner-demo-apprunner-ecr-access",
                    "connection_arn": ""
                  }
                ],
                "auto_deployments_enabled": true,
                "code_repository": [],
                "image_repository": [
                  {
                    "image_configuration": [
                      {
                        "port": "3000",
                        "runtime_environment_secrets": {},
                        "runtime_environment_variables": {
                          "APP_VERSION": "v3"
                        },
                        "start_command": "node main.js"
                      }
                    ],
                    "image_identifier": "526703406914.dkr.ecr.ap-southeast-1.amazonaws.com/app-repo:v3",
                    "image_repository_type": "ECR"
                  }
                ]
              }
            ],
            "status": "RUNNING",
            "tags": {
              "Name": "app-runner-demo-apprunner"
            },
            "tags_all": {
              "Name": "app-runner-demo-apprunner"
            }
          },
          "sensitive_attributes": [],
          "identity_schema_version": 0,
          "private": "bnVsbA==",
          "dependencies": [
            "aws_apprunner_auto_scaling_configuration_version.auto_config",
            "aws_iam_role.apprunner_ecr_access_role",
            "data.aws_iam_policy_document.apprunner_ecr_access_trust"
          ]
        }
      ]
    },
    {
      "mode": "managed",
      "type": "aws_ecr_lifecycle_policy",
      "name": "retention",
      "provider": "provider[\"registry.terraform.io/hashicorp/aws\"]",
      "instances": [
        {
          "schema_version": 0,
          "attributes": {
            "id": "app-repo",
            "policy": "{\"rules\":[{\"action\":{\"type\":\"expire\"},\"description\":\"Keep last 10 images\",\"rulePriority\":1,\"selection\":{\"countNumber\":10,\"countType\":\"imageCountMoreThan\",\"tagStatus\":\"any\"}}]}",
            "registry_id": "526703406914",
            "repository": "app-repo"
          },
          "sensitive_attributes": [],
          "identity_schema_version": 0,
          "private": "bnVsbA==",
          "dependencies": [
            "aws_ecr_repository.app_repo"
          ]
        }
      ]
    },
    {
      "mode": "managed",
      "type": "aws_ecr_repository",
      "name": "app_repo",
      "provider": "provider[\"registry.terraform.io/hashicorp/aws\"]",
      "instances": [
        {
          "schema_version": 0,
          "attributes": {
            "arn": "arn:aws:ecr:ap-southeast-1:526703406914:repository/app-repo",
            "encryption_configuration": [
              {
                "encryption_type": "AES256",
                "kms_key": ""
              }
            ],
            "force_delete": null,
            "id": "app-repo",
            "image_scanning_configuration": [
              {
                "scan_on_push": true
              }
            ],
            "image_tag_mutability": "MUTABLE",
            "name": "app-repo",
            "registry_id": "526703406914",
            "repository_url": "526703406914.dkr.ecr.ap-southeast-1.amazonaws.com/app-repo",
            "tags": {
              "Project": "app-runner-demo"
            },
            "tags_all": {
              "Project": "app-runner-demo"
            },
            "timeouts": null
          },
          "sensitive_attributes": [],
          "identity_schema_version": 0,
          "private": "eyJlMmJmYjczMC1lY2FhLTExZTYtOGY4OC0zNDM2M2JjN2M0YzAiOnsiZGVsZXRlIjoxMjAwMDAwMDAwMDAwfX0="
        }
      ]
    },
    {
      "mode": "managed",
      "type": "aws_iam_openid_connect_provider",
      "name": "github",
      "provider": "provider[\"registry.terraform.io/hashicorp/aws\"]",
      "instances": [
        {
          "schema_version": 0,
          "attributes": {
            "arn": "arn:aws:iam::526703406914:oidc-provider/token.actions.githubusercontent.com",
            "client_id_list": [
              "sts.amazonaws.com"
            ],
            "id": "arn:aws:iam::526703406914:oidc-provider/token.actions.githubusercontent.com",
            "tags": null,
            "tags_all": {},
            "thumbprint_list": [
              "6938fd4d98bab03faadb97b34396831e3780aea1"
            ],
            "url": "token.actions.githubusercontent.com"
          },
          "sensitive_attributes": [],
          "identity_schema_version": 0,
          "private": "bnVsbA=="
        }
      ]
    },
    {
      "mode": "managed",
      "type": "aws_iam_role",
      "name": "apprunner_ecr_access_role",
      "provider": "provider[\"registry.terraform.io/hashicorp/aws\"]",
      "instances": [
        {
          "schema_version": 0,
          "attributes": {
            "arn": "arn:aws:iam::526703406914:role/app-runner-demo-apprunner-ecr-access",
            "assume_role_policy": "{\"Statement\":[{\"Action\":\"sts:AssumeRole\",\"Effect\":\"Allow\",\"Principal\":{\"Service\":\"build.apprunner.amazonaws.com\"}}],\"Version\":\"2012-10-17\"}",
            "create_date": "2025-11-04T16:42:52Z",
            "description": "",
            "force_detach_policies": false,
            "id": "app-runner-demo-apprunner-ecr-access",
            "inline_policy": [],
            "managed_policy_arns": [
              "arn:aws:iam::aws:policy/AmazonEC2ContainerRegistryReadOnly"
            ],
            "max_session_duration": 3600,
            "name": "app-runner-demo-apprunner-ecr-access",
            "name_prefix": "",
            "path": "/",
            "permissions_boundary": "",
            "tags": {},
            "tags_all": {},
            "unique_id": "AROAXVIPYF5BNXJH57ABG"
          },
          "sensitive_attributes": [],
          "identity_schema_version": 0,
          "private": "bnVsbA==",
          "dependencies": [
            "data.aws_iam_policy_document.apprunner_ecr_access_trust"
          ]
        }
      ]
    },
    {
      "mode": "managed",
      "type": "aws_iam_role",
      "name": "apprunner_instance_role",
      "provider": "provider[\"registry.terraform.io/hashicorp/aws\"]",
      "instances": [
        {
          "schema_version": 0,
          "attributes": {
            "arn": "arn:aws:iam::526703406914:role/app-runner-demo-apprunner-instance",
            "assume_role_policy": "{\"Statement\":[{\"Action\":\"sts:AssumeRole\",\"Effect\":\"Allow\",\"Principal\":{\"Service\":\"tasks.apprunner.amazonaws.com\"}}],\"Version\":\"2012-10-17\"}",
            "create_date": "2025-11-04T16:42:52Z",
            "description": "",
            "force_detach_policies": false,
            "id": "app-runner-demo-apprunner-instance",
            "inline_policy": [],
            "managed_policy_arns": [],
            "max_session_duration": 3600,
            "name": "app-runner-demo-apprunner-instance",
            "name_prefix": "",
            "path": "/",
            "permissions_boundary": "",
            "tags": {},
            "tags_all": {},
            "unique_id": "AROAXVIPYF5BAM7UIY6CH"
          },
          "sensitive_attributes": [],
          "identity_schema_version": 0,
          "private": "bnVsbA==",
          "dependencies": [
            "data.aws_iam_policy_document.apprunner_instance_trust"
          ]
        }
      ]
    },
    {
      "mode": "managed",
      "type": "aws_iam_role",
      "name": "github_actions_apprunner",
      "provider": "provider[\"registry.terraform.io/hashicorp/aws\"]",
      "instances": [
        {
          "schema_version": 0,
          "attributes": {
            "arn": "arn:aws:iam::526703406914:role/github-actions-apprunner",
            "assume_role_policy": "{\"Statement\":[{\"Action\":\"sts:AssumeRoleWithWebIdentity\",\"Condition\":{\"StringEquals\":{\"token.actions.githubusercontent.com:aud\":\"sts.amazonaws.com\"},\"StringLike\":{\"token.actions.githubusercontent.com:sub\":\"repo:theerawatzuz/Terraform_AWS_App_Runner-:ref:refs/heads/main\"}},\"Effect\":\"Allow\",\"Principal\":{\"Federated\":\"arn:aws:iam::526703406914:oidc-provider/token.actions.githubusercontent.com\"}}],\"Version\":\"2012-10-17\"}",
            "create_date": "2025-11-04T17:43:15Z",
            "description": "",
            "force_detach_policies": false,
            "id": "github-actions-apprunner",
            "inline_policy": [],
            "managed_policy_arns": [],
            "max_session_duration": 3600,
            "name": "github-actions-apprunner",
            "name_prefix": "",
            "path": "/",
            "permissions_boundary": "",
            "tags": null,
            "tags_all": {},
            "unique_id": "AROAXVIPYF5BOF2DO22OR"
          },
          "sensitive_attributes": [],
          "identity_schema_version": 0,
          "private": "bnVsbA==",
          "dependencies": [
            "aws_iam_openid_connect_provider.github",
            "data.aws_iam_policy_document.gh_assume_role"
          ]
        }
      ]
    },
    {
      "mode": "managed",
      "type": "aws_iam_role_policy_attachment",
      "name": "apprunner_ecr_pull",
      "provider": "provider[\"registry.terraform.io/hashicorp/aws\"]",
      "instances": [
        {
          "schema_version": 0,
          "attributes": {
            "id": "app-runner-demo-apprunner-ecr-access-20251104164254050100000001",
            "policy_arn": "arn:aws:iam::aws:policy/AmazonEC2ContainerRegistryReadOnly",
            "role": "app-runner-demo-apprunner-ecr-access"
          },
          "sensitive_attributes": [],
          "identity_schema_version": 0,
          "private": "bnVsbA==",
          "dependencies": [
            "aws_iam_role.apprunner_ecr_access_role",
            "data.aws_iam_policy_document.apprunner_ecr_access_trust"
          ]
        }
      ]
    }
  ],
  "check_results": null
}
